
Microsoft Visual Studio Solution File, Format Version 12.00
# Visual Studio Version 17
VisualStudioVersion = 17.0.31423.177
MinimumVisualStudioVersion = 10.0.40219.1
Project("{FAE04EC0-301F-11D3-BF4B-00C04F79EFBC}") = "GTASandbox", "GTASandbox\GTASandbox.csproj", "{A458EDCB-5A74-4423-8CA7-25EA8B68958D}"
EndProject
Global
	GlobalSection(SolutionConfigurationPlatforms) = preSolution
		Debug|Any CPU = Debug|Any CPU
		Release|Any CPU = Release|Any CPU
	EndGlobalSection
	GlobalSection(ProjectConfigurationPlatforms) = postSolution
		{A458EDCB-5A74-4423-8CA7-25EA8B68958D}.Debug|Any CPU.ActiveCfg = Debug|Any CPU
		{A458EDCB-5A74-4423-8CA7-25EA8B68958D}.Debug|Any CPU.Build.0 = Debug|Any CPU
		{A458EDCB-5A74-4423-8CA7-25EA8B68958D}.Release|Any CPU.ActiveCfg = Release|Any CPU
		{A458EDCB-5A74-4423-8CA7-25EA8B68958D}.Release|Any CPU.Build.0 = Release|Any CPU
	EndGlobalSection
	GlobalSection(SolutionProperties) = preSolution
		HideSolutionNode = FALSE
	EndGlobalSection
	GlobalSection(ExtensibilityGlobals) = postSolution
		SolutionGuid = {0F8BA5E8-42E6-4E50-B61A-C52B129C8F7A}
	EndGlobalSection
EndGlobal
